
Microsoft Visual Studio Solution File, Format Version 12.00
# Visual Studio Version 17
VisualStudioVersion = 17.9.34607.119
MinimumVisualStudioVersion = 10.0.40219.1
Project("{FAE04EC0-301F-11D3-BF4B-00C04F79EFBC}") = "DashboardAPI", "DashboardAPI\DashboardAPI.csproj", "{ADAB0D32-FE3C-454C-ABFB-1D3DD0ACE0F4}"
EndProject
Global
	GlobalSection(SolutionConfigurationPlatforms) = preSolution
		Debug|Any CPU = Debug|Any CPU
		Release|Any CPU = Release|Any CPU
	EndGlobalSection
	GlobalSection(ProjectConfigurationPlatforms) = postSolution
		{ADAB0D32-FE3C-454C-ABFB-1D3DD0ACE0F4}.Debug|Any CPU.ActiveCfg = Debug|Any CPU
		{ADAB0D32-FE3C-454C-ABFB-1D3DD0ACE0F4}.Debug|Any CPU.Build.0 = Debug|Any CPU
		{ADAB0D32-FE3C-454C-ABFB-1D3DD0ACE0F4}.Release|Any CPU.ActiveCfg = Release|Any CPU
		{ADAB0D32-FE3C-454C-ABFB-1D3DD0ACE0F4}.Release|Any CPU.Build.0 = Release|Any CPU
	EndGlobalSection
	GlobalSection(SolutionProperties) = preSolution
		HideSolutionNode = FALSE
	EndGlobalSection
	GlobalSection(ExtensibilityGlobals) = postSolution
		SolutionGuid = {CFEBF2BE-0B05-4874-8897-B466757C2DF9}
	EndGlobalSection
EndGlobal
